Microsoft Visual Studio Solution File, Format Version 12.00
# Visual Studio Version 16
VisualStudioVersion = 16.0.31729.503
MinimumVisualStudioVersion = 10.0.40219.1
Project("{8BC9CEB8-8B4A-11D0-8D11-00A0C91BC942}") = "TWebFrame", "TWebFrame2\TWebFrame.vcxproj", "{05D5ACB1-7F24-4E5A-9BC0-D910A099A271}"
EndProject
Project("{8BC9CEB8-8B4A-11D0-8D11-00A0C91BC942}") = "TWebFrameBrowser", "Browser\TWebFrameBrowser.vcxproj", "{5B13A382-05E8-4385-A609-A247892A0FD4}"
EndProject
Global
	GlobalSection(SolutionConfigurationPlatforms) = preSolution
		Debug|Win32 = Debug|Win32
		Debug|x64 = Debug|x64
		Release|Win32 = Release|Win32
		Release|x64 = Release|x64
	EndGlobalSection
	GlobalSection(ProjectConfigurationPlatforms) = postSolution
		{05D5ACB1-7F24-4E5A-9BC0-D910A099A271}.Debug|Win32.ActiveCfg = Debug|Win32
		{05D5ACB1-7F24-4E5A-9BC0-D910A099A271}.Debug|Win32.Build.0 = Debug|Win32
		{05D5ACB1-7F24-4E5A-9BC0-D910A099A271}.Debug|x64.ActiveCfg = Debug|x64
		{05D5ACB1-7F24-4E5A-9BC0-D910A099A271}.Debug|x64.Build.0 = Debug|x64
		{05D5ACB1-7F24-4E5A-9BC0-D910A099A271}.Release|Win32.ActiveCfg = Release|Win32
		{05D5ACB1-7F24-4E5A-9BC0-D910A099A271}.Release|x64.ActiveCfg = Release|x64
		{05D5ACB1-7F24-4E5A-9BC0-D910A099A271}.Release|x64.Build.0 = Release|x64
		{5B13A382-05E8-4385-A609-A247892A0FD4}.Debug|Win32.ActiveCfg = Debug|Win32
		{5B13A382-05E8-4385-A609-A247892A0FD4}.Debug|Win32.Build.0 = Debug|Win32
		{5B13A382-05E8-4385-A609-A247892A0FD4}.Debug|x64.ActiveCfg = Debug|x64
		{5B13A382-05E8-4385-A609-A247892A0FD4}.Debug|x64.Build.0 = Debug|x64
		{5B13A382-05E8-4385-A609-A247892A0FD4}.Release|Win32.ActiveCfg = Release|Win32
		{5B13A382-05E8-4385-A609-A247892A0FD4}.Release|Win32.Build.0 = Release|Win32
		{5B13A382-05E8-4385-A609-A247892A0FD4}.Release|x64.ActiveCfg = Release|x64
		{5B13A382-05E8-4385-A609-A247892A0FD4}.Release|x64.Build.0 = Release|x64
	EndGlobalSection
	GlobalSection(SolutionProperties) = preSolution
		HideSolutionNode = FALSE
	EndGlobalSection
	GlobalSection(ExtensibilityGlobals) = postSolution
		SolutionGuid = {84A81A6B-8E6A-4C4A-AF89-FC65A5CA7A2E}
	EndGlobalSection
EndGlobal
