<?xml version="1.0" encoding="utf-8"?>
<Project ToolsVersion="4.0" xmlns="http://schemas.microsoft.com/developer/msbuild/2003">
  <ItemGroup><Filter Include="Public"><UniqueIdentifier>{D7957020-BED6-40B7-899C-CB8B50DAB058}</UniqueIdentifier></Filter><Filter Include="Source"><UniqueIdentifier>{A0998D63-ABEC-43C2-B30D-B0C06C77228E}</UniqueIdentifier></Filter></ItemGroup>
  <ItemGroup><ClInclude Include="src\ScriptDialog.h"><Filter>Source</Filter></ClInclude></ItemGroup>
  <ItemGroup><ClInclude Include="src\CanvasCompositing.inl"><Filter>Source</Filter></ClInclude></ItemGroup>
  <ItemGroup><ClInclude Include="src\WindowsIntl.h"><Filter>Source</Filter></ClInclude></ItemGroup>
  <ItemGroup><ClInclude Include="include\TWebFrame\BrowserContext.h"><Filter>Public</Filter></ClInclude><ClInclude Include="src\CookieJar.h"><Filter>Source</Filter></ClInclude><ClInclude Include="src\PublicSuffixRules.inc"><Filter>Source</Filter></ClInclude></ItemGroup>
  <ItemGroup><ClCompile Include="src\BrowserContext.cpp"><Filter>Source</Filter></ClCompile></ItemGroup>
  <ItemGroup><ClInclude Include="src\ScriptRequest.h"><Filter>Source</Filter></ClInclude><ClInclude Include="src\ScriptHttp.h"><Filter>Source</Filter></ClInclude></ItemGroup>
  <ItemGroup><ClInclude Include="include\TWebFrame\TWebFrame.h"><Filter>Public</Filter></ClInclude><ClInclude Include="src\Accessibility.h"><Filter>Source</Filter></ClInclude><ClInclude Include="src\Canvas.h"><Filter>Source</Filter></ClInclude><ClInclude Include="src\CSS.h"><Filter>Source</Filter></ClInclude><ClInclude Include="src\DOM.h"><Filter>Source</Filter></ClInclude><ClInclude Include="src\EditingCommand.h"><Filter>Source</Filter></ClInclude><ClInclude Include="src\FastMap.h"><Filter>Source</Filter></ClInclude><ClInclude Include="src\JavaScript.h"><Filter>Source</Filter></ClInclude><ClInclude Include="src\Layout.h"><Filter>Source</Filter></ClInclude><ClInclude Include="src\NumericParser.h"><Filter>Source</Filter></ClInclude><ClInclude Include="src\RasterImage.h"><Filter>Source</Filter></ClInclude><ClInclude Include="src\TextInput.h"><Filter>Source</Filter></ClInclude></ItemGroup>
   <ItemGroup><ClCompile Include="src\Accessibility.cpp"><Filter>Source</Filter></ClCompile><ClCompile Include="src\CSS.cpp"><Filter>Source</Filter></ClCompile><ClCompile Include="src\DOM.cpp"><Filter>Source</Filter></ClCompile><ClCompile Include="src\EditingCommand.cpp"><Filter>Source</Filter></ClCompile><ClCompile Include="src\JavaScript.cpp"><Filter>Source</Filter></ClCompile><ClCompile Include="src\Layout.cpp"><Filter>Source</Filter></ClCompile><ClCompile Include="src\TextInput.cpp"><Filter>Source</Filter></ClCompile><ClCompile Include="src\View.cpp"><Filter>Source</Filter></ClCompile></ItemGroup>
  <ItemGroup><ClInclude Include="src\StringTransform.inl"><Filter>Source</Filter></ClInclude></ItemGroup>
  <ItemGroup><ClInclude Include="src\ByteCopy.inl"><Filter>Source</Filter></ClInclude></ItemGroup>
  <ItemGroup><ClInclude Include="src\NativeLoop.inl"><Filter>Source</Filter></ClInclude></ItemGroup>
  <ItemGroup><ClInclude Include="src\NativeLoopCache.inl"><Filter>Source</Filter></ClInclude></ItemGroup>
  <ItemGroup><ClInclude Include="src\WorkerRuntime.inl"><Filter>Source</Filter></ClInclude></ItemGroup>
  <ItemGroup>
    <ClInclude Include="src\CSSSyntax.h"><Filter>Source</Filter></ClInclude>
    <ClInclude Include="src\RenderingDiagnostics.h"><Filter>Source</Filter></ClInclude>
    <ClInclude Include="src\RenderingGlyphs.h"><Filter>Source</Filter></ClInclude>
    <ClInclude Include="src\FontFeatures.h"><Filter>Source</Filter></ClInclude>
    <ClInclude Include="src\RasterSurface.h"><Filter>Source</Filter></ClInclude>
    <ClInclude Include="src\RasterPath.h"><Filter>Source</Filter></ClInclude>
    <ClInclude Include="src\RasterSkia.h"><Filter>Source</Filter></ClInclude>
    <ClInclude Include="src\RasterGradient.h"><Filter>Source</Filter></ClInclude>
    <ClInclude Include="src\CSSSelectors.inl"><Filter>Source</Filter></ClInclude>
    <ClInclude Include="src\CSSParser.inl"><Filter>Source</Filter></ClInclude>
    <ClInclude Include="src\CSSConditions.inl"><Filter>Source</Filter></ClInclude>
    <ClInclude Include="src\CSSVariables.inl"><Filter>Source</Filter></ClInclude>
    <ClInclude Include="src\CSSMath.inl"><Filter>Source</Filter></ClInclude>
    <ClInclude Include="src\CSSColorFunctions.inl"><Filter>Source</Filter></ClInclude>
    <ClInclude Include="src\CSSNamedColors.inl"><Filter>Source</Filter></ClInclude>
  </ItemGroup>
</Project>
